
Microsoft Visual Studio Solution File, Format Version 12.00
# Visual Studio Version 17
VisualStudioVersion = 17.14.37314.3 d17.14
MinimumVisualStudioVersion = 10.0.40219.1
Project("{F184B08F-C81C-45F6-A57F-5ABD9991F28F}") = "BadgeManager", "BadgeManager.vbproj", "{D1C57244-9979-47A9-9FD3-A5B604DD0596}"
EndProject
Global
	GlobalSection(SolutionConfigurationPlatforms) = preSolution
		Debug|Any CPU = Debug|Any CPU
		Release|Any CPU = Release|Any CPU
	EndGlobalSection
	GlobalSection(ProjectConfigurationPlatforms) = postSolution
		{D1C57244-9979-47A9-9FD3-A5B604DD0596}.Debug|Any CPU.ActiveCfg = Debug|Any CPU
		{D1C57244-9979-47A9-9FD3-A5B604DD0596}.Debug|Any CPU.Build.0 = Debug|Any CPU
		{D1C57244-9979-47A9-9FD3-A5B604DD0596}.Release|Any CPU.ActiveCfg = Release|Any CPU
		{D1C57244-9979-47A9-9FD3-A5B604DD0596}.Release|Any CPU.Build.0 = Release|Any CPU
	EndGlobalSection
	GlobalSection(SolutionProperties) = preSolution
		HideSolutionNode = FALSE
	EndGlobalSection
	GlobalSection(ExtensibilityGlobals) = postSolution
		SolutionGuid = {9CBE0688-3A9E-4EA4-A34E-75DE0DF9F615}
	EndGlobalSection
EndGlobal
